PODS:
  - Alamofire (4.8.1)
  - AlamofireNetworkActivityLogger (2.3.0):
    - Alamofire (~> 4.6)
  - CodableAlamofire (1.1.0):
    - Alamofire (~> 4.0)
  - ERNiftyFoundation (2.6.0):
    - Alamofire
    - AlamofireNetworkActivityLogger
    - CodableAlamofire
    - Unbox
    - Wrap
  - Unbox (3.0.0)
  - Wrap (3.0.0)

DEPENDENCIES:
  - ERNiftyFoundation (from `../`)

SPEC REPOS:
  https://github.com/cocoapods/specs.git:
    - Alamofire
    - AlamofireNetworkActivityLogger
    - CodableAlamofire
    - Unbox
    - Wrap

EXTERNAL SOURCES:
  ERNiftyFoundation:
    :path: "../"

SPEC CHECKSUMS:
  Alamofire: 16ce2c353fb72865124ddae8a57c5942388f4f11
  AlamofireNetworkActivityLogger: 6f3076652ab7fa6c819b59be08ea038d339e36d8
  CodableAlamofire: e2d2edcec7cf413f7862c30c8fa98eded27a83f9
  ERNiftyFoundation: 3816497a3854e4af17f172d302bf09ccfe5d0e94
  Unbox: 9ed33b2a31f7a8a049f54b94d40c4a52a28c4d9d
  Wrap: 918fdb5157e4f701f9503b2633752d6f94616f84

PODFILE CHECKSUM: da5d118c9dd196fc2ed97a35d136be0a9e240fd9

COCOAPODS: 1.5.3
